
Microsoft Visual Studio Solution File, Format Version 10.00
# Visual Studio 2008
Project("{8BC9CEB8-8B4A-11D0-8D11-00A0C91BC942}") = "npWinFormsHost", "npWinFormsHost.vcproj", "{E87B55D3-E464-4F89-BE8E-D18C511A9A39}"
EndProject
Global
	GlobalSection(SolutionConfigurationPlatforms) = preSolution
		Debug|Win32 = Debug|Win32
		Release|Win32 = Release|Win32
	EndGlobalSection
	GlobalSection(ProjectConfigurationPlatforms) = postSolution
		{E87B55D3-E464-4F89-BE8E-D18C511A9A39}.Debug|Win32.ActiveCfg = Debug|Win32
		{E87B55D3-E464-4F89-BE8E-D18C511A9A39}.Debug|Win32.Build.0 = Debug|Win32
		{E87B55D3-E464-4F89-BE8E-D18C511A9A39}.Release|Win32.ActiveCfg = Release|Win32
		{E87B55D3-E464-4F89-BE8E-D18C511A9A39}.Release|Win32.Build.0 = Release|Win32
	EndGlobalSection
	GlobalSection(SolutionProperties) = preSolution
		HideSolutionNode = FALSE
	EndGlobalSection
EndGlobal
